// !$*UTF8*$!
{
	archiveVersion = 1;
	classes = {
	};
	objectVersion = 56;
	objects = {

/* Begin PBXBuildFile section */
		540A9DCE29779FD3005893D3 /* Account.swift in Sources */ = {isa = PBXBuildFile; fileRef = 540A9DCD29779FD3005893D3 /* Account.swift */; };
		540A9DD32977A68D005893D3 /* SwiftOTP in Frameworks */ = {isa = PBXBuildFile; productRef = 540A9DD22977A68D005893D3 /* SwiftOTP */; };
		540A9DD52977B716005893D3 /* Utils.swift in Sources */ = {isa = PBXBuildFile; fileRef = 540A9DD42977B715005893D3 /* Utils.swift */; };
		540BDAF2297B0B7400080596 /* ContentViewMac.swift in Sources */ = {isa = PBXBuildFile; fileRef = 540BDAF1297B0B7400080596 /* ContentViewMac.swift */; };
		5410B9E32975C25100E2839E /* KodeApp.swift in Sources */ = {isa = PBXBuildFile; fileRef = 5410B9E22975C25100E2839E /* KodeApp.swift */; };
		5410B9E52975C25100E2839E /* ContentView.swift in Sources */ = {isa = PBXBuildFile; fileRef = 5410B9E42975C25100E2839E /* ContentView.swift */; };
		5410B9E72975C25200E2839E /* Assets.xcassets in Resources */ = {isa = PBXBuildFile; fileRef = 5410B9E62975C25200E2839E /* Assets.xcassets */; };
		5410B9EB2975C25200E2839E /* Preview Assets.xcassets in Resources */ = {isa = PBXBuildFile; fileRef = 5410B9EA2975C25200E2839E /* Preview Assets.xcassets */; };
		54179DD729789EB400CBFC5E /* CodeScanner in Frameworks */ = {isa = PBXBuildFile; platformFilter = ios; productRef = 54179DD629789EB400CBFC5E /* CodeScanner */; };
		543E8E38297CAB7F00FF6E90 /* AccountEditRowView.swift in Sources */ = {isa = PBXBuildFile; fileRef = 543E8E37297CAB7F00FF6E90 /* AccountEditRowView.swift */; };
		543E8E3A297CB08200FF6E90 /* AccountDetailView.swift in Sources */ = {isa = PBXBuildFile; fileRef = 543E8E39297CB08200FF6E90 /* AccountDetailView.swift */; };
		54519FB4297AEC65009FA667 /* AcknowledgmentView.swift in Sources */ = {isa = PBXBuildFile; fileRef = 54519FB3297AEC65009FA667 /* AcknowledgmentView.swift */; };
		54522D972984EDEF00D46D0B /* SettingsViewMac.swift in Sources */ = {isa = PBXBuildFile; fileRef = 54522D962984EDEF00D46D0B /* SettingsViewMac.swift */; };
		54671931298501CC0079F4D7 /* AccountRowViewMac.swift in Sources */ = {isa = PBXBuildFile; fileRef = 54671930298501CC0079F4D7 /* AccountRowViewMac.swift */; };
		547A329A298600C300B5DD69 /* AccountDetailViewMac.swift in Sources */ = {isa = PBXBuildFile; fileRef = 547A3299298600C300B5DD69 /* AccountDetailViewMac.swift */; };
		547A32A4298618F200B5DD69 /* ContentView.swift in Sources */ = {isa = PBXBuildFile; fileRef = 547A32A3298618F200B5DD69 /* ContentView.swift */; };
		547A32A6298618F300B5DD69 /* Assets.xcassets in Resources */ = {isa = PBXBuildFile; fileRef = 547A32A5298618F300B5DD69 /* Assets.xcassets */; };
		547A32A9298618F300B5DD69 /* Preview Assets.xcassets in Resources */ = {isa = PBXBuildFile; fileRef = 547A32A8298618F300B5DD69 /* Preview Assets.xcassets */; };
		547A32AD298619EE00B5DD69 /* Assets.xcassets in Resources */ = {isa = PBXBuildFile; fileRef = 5410B9E62975C25200E2839E /* Assets.xcassets */; };
		547A32AE29861A0900B5DD69 /* KodeApp.swift in Sources */ = {isa = PBXBuildFile; fileRef = 5410B9E22975C25100E2839E /* KodeApp.swift */; };
		547A32AF29861A0C00B5DD69 /* Account.swift in Sources */ = {isa = PBXBuildFile; fileRef = 540A9DCD29779FD3005893D3 /* Account.swift */; };
		547A32B229861AC800B5DD69 /* SwiftOTP in Frameworks */ = {isa = PBXBuildFile; productRef = 547A32B129861AC800B5DD69 /* SwiftOTP */; };
		547A32B329861AE100B5DD69 /* Utils.swift in Sources */ = {isa = PBXBuildFile; fileRef = 540A9DD42977B715005893D3 /* Utils.swift */; };
		547A32B429861AFF00B5DD69 /* KeychainHelper.swift in Sources */ = {isa = PBXBuildFile; fileRef = 54AB7D54297F6DD100B22D96 /* KeychainHelper.swift */; };
		54AB7D55297F6DD200B22D96 /* KeychainHelper.swift in Sources */ = {isa = PBXBuildFile; fileRef = 54AB7D54297F6DD100B22D96 /* KeychainHelper.swift */; };
		54BAE02D298623DB00904D9F /* AccountDetailView.swift in Sources */ = {isa = PBXBuildFile; fileRef = 54BAE02C298623DB00904D9F /* AccountDetailView.swift */; };
		54E205432988C20C00A8E3B9 /* Connectivity.swift in Sources */ = {isa = PBXBuildFile; fileRef = 54E205422988C20C00A8E3B9 /* Connectivity.swift */; };
		54E205442988C20F00A8E3B9 /* Connectivity.swift in Sources */ = {isa = PBXBuildFile; fileRef = 54E205422988C20C00A8E3B9 /* Connectivity.swift */; };
		54E91E3E298979FC0021FC2C /* KodeWatch Watch App.app in Embed Watch Content */ = {isa = PBXBuildFile; fileRef = 547A329F298618F200B5DD69 /* KodeWatch Watch App.app */; platformFilter = ios; settings = {ATTRIBUTES = (RemoveHeadersOnCopy, ); }; };
		54FF619A2978721B000E5D5E /* SettingsView.swift in Sources */ = {isa = PBXBuildFile; fileRef = 54FF61992978721B000E5D5E /* SettingsView.swift */; };
		54FF619E29787522000E5D5E /* AccountAddView.swift in Sources */ = {isa = PBXBuildFile; fileRef = 54FF619D29787522000E5D5E /* AccountAddView.swift */; };
		54FF61A329787B6F000E5D5E /* AccountRowView.swift in Sources */ = {isa = PBXBuildFile; fileRef = 54FF61A229787B6F000E5D5E /* AccountRowView.swift */; };
/* End PBXBuildFile section */

/* Begin PBXContainerItemProxy section */
		54E91E3F298979FC0021FC2C /* PBXContainerItemProxy */ = {
			isa = PBXContainerItemProxy;
			containerPortal = 5410B9D72975C25100E2839E /* Project object */;
			proxyType = 1;
			remoteGlobalIDString = 547A329E298618F200B5DD69;
			remoteInfo = "KodeWatch Watch App";
		};
/* End PBXContainerItemProxy section */

/* Begin PBXCopyFilesBuildPhase section */
		54E91E41298979FC0021FC2C /* Embed Watch Content */ = {
			isa = PBXCopyFilesBuildPhase;
			buildActionMask = 2147483647;
			dstPath = "$(CONTENTS_FOLDER_PATH)/Watch";
			dstSubfolderSpec = 16;
			files = (
				54E91E3E298979FC0021FC2C /* KodeWatch Watch App.app in Embed Watch Content */,
			);
			name = "Embed Watch Content";
			runOnlyForDeploymentPostprocessing = 0;
		};
/* End PBXCopyFilesBuildPhase section */

/* Begin PBXFileReference section */
		540A9DCD29779FD3005893D3 /* Account.swift */ = {isa = PBXFileReference; lastKnownFileType = sourcecode.swift; path = Account.swift; sourceTree = "<group>"; };
		540A9DD42977B715005893D3 /* Utils.swift */ = {isa = PBXFileReference; lastKnownFileType = sourcecode.swift; path = Utils.swift; sourceTree = "<group>"; };
		540BDAF1297B0B7400080596 /* ContentViewMac.swift */ = {isa = PBXFileReference; lastKnownFileType = sourcecode.swift; path = ContentViewMac.swift; sourceTree = "<group>"; };
		5410B9DF2975C25100E2839E /* Kode.app */ = {isa = PBXFileReference; explicitFileType = wrapper.application; includeInIndex = 0; path = Kode.app; sourceTree = BUILT_PRODUCTS_DIR; };
		5410B9E22975C25100E2839E /* KodeApp.swift */ = {isa = PBXFileReference; lastKnownFileType = sourcecode.swift; path = KodeApp.swift; sourceTree = "<group>"; };
		5410B9E42975C25100E2839E /* ContentView.swift */ = {isa = PBXFileReference; lastKnownFileType = sourcecode.swift; path = ContentView.swift; sourceTree = "<group>"; };
		5410B9E62975C25200E2839E /* Assets.xcassets */ = {isa = PBXFileReference; lastKnownFileType = folder.assetcatalog; path = Assets.xcassets; sourceTree = "<group>"; };
		5410B9E82975C25200E2839E /* Kode.entitlements */ = {isa = PBXFileReference; lastKnownFileType = text.plist.entitlements; path = Kode.entitlements; sourceTree = "<group>"; };
		5410B9EA2975C25200E2839E /* Preview Assets.xcassets */ = {isa = PBXFileReference; lastKnownFileType = folder.assetcatalog; path = "Preview Assets.xcassets"; sourceTree = "<group>"; };
		543E8E37297CAB7F00FF6E90 /* AccountEditRowView.swift */ = {isa = PBXFileReference; lastKnownFileType = sourcecode.swift; path = AccountEditRowView.swift; sourceTree = "<group>"; };
		543E8E39297CB08200FF6E90 /* AccountDetailView.swift */ = {isa = PBXFileReference; lastKnownFileType = sourcecode.swift; path = AccountDetailView.swift; sourceTree = "<group>"; };
		54519FB3297AEC65009FA667 /* AcknowledgmentView.swift */ = {isa = PBXFileReference; lastKnownFileType = sourcecode.swift; path = AcknowledgmentView.swift; sourceTree = "<group>"; };
		54522D962984EDEF00D46D0B /* SettingsViewMac.swift */ = {isa = PBXFileReference; lastKnownFileType = sourcecode.swift; path = SettingsViewMac.swift; sourceTree = "<group>"; };
		54671930298501CC0079F4D7 /* AccountRowViewMac.swift */ = {isa = PBXFileReference; lastKnownFileType = sourcecode.swift; path = AccountRowViewMac.swift; sourceTree = "<group>"; };
		547A3299298600C300B5DD69 /* AccountDetailViewMac.swift */ = {isa = PBXFileReference; lastKnownFileType = sourcecode.swift; path = AccountDetailViewMac.swift; sourceTree = "<group>"; };
		547A329F298618F200B5DD69 /* KodeWatch Watch App.app */ = {isa = PBXFileReference; explicitFileType = wrapper.application; includeInIndex = 0; path = "KodeWatch Watch App.app"; sourceTree = BUILT_PRODUCTS_DIR; };
		547A32A3298618F200B5DD69 /* ContentView.swift */ = {isa = PBXFileReference; lastKnownFileType = sourcecode.swift; path = ContentView.swift; sourceTree = "<group>"; };
		547A32A5298618F300B5DD69 /* Assets.xcassets */ = {isa = PBXFileReference; lastKnownFileType = folder.assetcatalog; path = Assets.xcassets; sourceTree = "<group>"; };
		547A32A8298618F300B5DD69 /* Preview Assets.xcassets */ = {isa = PBXFileReference; lastKnownFileType = folder.assetcatalog; path = "Preview Assets.xcassets"; sourceTree = "<group>"; };
		54AB7D54297F6DD100B22D96 /* KeychainHelper.swift */ = {isa = PBXFileReference; lastKnownFileType = sourcecode.swift; path = KeychainHelper.swift; sourceTree = "<group>"; };
		54B86BD229862A78004879D7 /* KodeWatch Watch App.entitlements */ = {isa = PBXFileReference; lastKnownFileType = text.plist.entitlements; path = "KodeWatch Watch App.entitlements"; sourceTree = "<group>"; };
		54BAE02C298623DB00904D9F /* AccountDetailView.swift */ = {isa = PBXFileReference; lastKnownFileType = sourcecode.swift; path = AccountDetailView.swift; sourceTree = "<group>"; };
		54E205422988C20C00A8E3B9 /* Connectivity.swift */ = {isa = PBXFileReference; lastKnownFileType = sourcecode.swift; path = Connectivity.swift; sourceTree = "<group>"; };
		54FF61992978721B000E5D5E /* SettingsView.swift */ = {isa = PBXFileReference; lastKnownFileType = sourcecode.swift; path = SettingsView.swift; sourceTree = "<group>"; };
		54FF619D29787522000E5D5E /* AccountAddView.swift */ = {isa = PBXFileReference; lastKnownFileType = sourcecode.swift; path = AccountAddView.swift; sourceTree = "<group>"; };
		54FF61A229787B6F000E5D5E /* AccountRowView.swift */ = {isa = PBXFileReference; lastKnownFileType = sourcecode.swift; path = AccountRowView.swift; sourceTree = "<group>"; };
/* End PBXFileReference section */

/* Begin PBXFrameworksBuildPhase section */
		5410B9DC2975C25100E2839E /* Frameworks */ = {
			isa = PBXFrameworksBuildPhase;
			buildActionMask = 2147483647;
			files = (
				540A9DD32977A68D005893D3 /* SwiftOTP in Frameworks */,
				54179DD729789EB400CBFC5E /* CodeScanner in Frameworks */,
			);
			runOnlyForDeploymentPostprocessing = 0;
		};
		547A329C298618F200B5DD69 /* Frameworks */ = {
			isa = PBXFrameworksBuildPhase;
			buildActionMask = 2147483647;
			files = (
				547A32B229861AC800B5DD69 /* SwiftOTP in Frameworks */,
			);
			runOnlyForDeploymentPostprocessing = 0;
		};
/* End PBXFrameworksBuildPhase section */

/* Begin PBXGroup section */
		5410B9D62975C25100E2839E = {
			isa = PBXGroup;
			children = (
				5410B9E12975C25100E2839E /* Kode */,
				547A32A0298618F200B5DD69 /* KodeWatch Watch App */,
				5410B9E02975C25100E2839E /* Products */,
				547A32B029861AC800B5DD69 /* Frameworks */,
			);
			sourceTree = "<group>";
		};
		5410B9E02975C25100E2839E /* Products */ = {
			isa = PBXGroup;
			children = (
				5410B9DF2975C25100E2839E /* Kode.app */,
				547A329F298618F200B5DD69 /* KodeWatch Watch App.app */,
			);
			name = Products;
			sourceTree = "<group>";
		};
		5410B9E12975C25100E2839E /* Kode */ = {
			isa = PBXGroup;
			children = (
				5410B9E22975C25100E2839E /* KodeApp.swift */,
				5410B9E42975C25100E2839E /* ContentView.swift */,
				540BDAF1297B0B7400080596 /* ContentViewMac.swift */,
				54FF61992978721B000E5D5E /* SettingsView.swift */,
				54522D962984EDEF00D46D0B /* SettingsViewMac.swift */,
				54519FB3297AEC65009FA667 /* AcknowledgmentView.swift */,
				54FF61A229787B6F000E5D5E /* AccountRowView.swift */,
				54671930298501CC0079F4D7 /* AccountRowViewMac.swift */,
				543E8E37297CAB7F00FF6E90 /* AccountEditRowView.swift */,
				54FF619D29787522000E5D5E /* AccountAddView.swift */,
				543E8E39297CB08200FF6E90 /* AccountDetailView.swift */,
				547A3299298600C300B5DD69 /* AccountDetailViewMac.swift */,
				540A9DCD29779FD3005893D3 /* Account.swift */,
				540A9DD42977B715005893D3 /* Utils.swift */,
				54AB7D54297F6DD100B22D96 /* KeychainHelper.swift */,
				54E205422988C20C00A8E3B9 /* Connectivity.swift */,
				5410B9E62975C25200E2839E /* Assets.xcassets */,
				5410B9E82975C25200E2839E /* Kode.entitlements */,
				5410B9E92975C25200E2839E /* Preview Content */,
			);
			path = Kode;
			sourceTree = "<group>";
		};
		5410B9E92975C25200E2839E /* Preview Content */ = {
			isa = PBXGroup;
			children = (
				5410B9EA2975C25200E2839E /* Preview Assets.xcassets */,
			);
			path = "Preview Content";
			sourceTree = "<group>";
		};
		547A32A0298618F200B5DD69 /* KodeWatch Watch App */ = {
			isa = PBXGroup;
			children = (
				54B86BD229862A78004879D7 /* KodeWatch Watch App.entitlements */,
				547A32A3298618F200B5DD69 /* ContentView.swift */,
				54BAE02C298623DB00904D9F /* AccountDetailView.swift */,
				547A32A5298618F300B5DD69 /* Assets.xcassets */,
				547A32A7298618F300B5DD69 /* Preview Content */,
			);
			path = "KodeWatch Watch App";
			sourceTree = "<group>";
		};
		547A32A7298618F300B5DD69 /* Preview Content */ = {
			isa = PBXGroup;
			children = (
				547A32A8298618F300B5DD69 /* Preview Assets.xcassets */,
			);
			path = "Preview Content";
			sourceTree = "<group>";
		};
		547A32B029861AC800B5DD69 /* Frameworks */ = {
			isa = PBXGroup;
			children = (
			);
			name = Frameworks;
			sourceTree = "<group>";
		};
/* End PBXGroup section */

/* Begin PBXNativeTarget section */
		5410B9DE2975C25100E2839E /* Kode */ = {
			isa = PBXNativeTarget;
			buildConfigurationList = 5410B9EE2975C25200E2839E /* Build configuration list for PBXNativeTarget "Kode" */;
			buildPhases = (
				5410B9DB2975C25100E2839E /* Sources */,
				5410B9DC2975C25100E2839E /* Frameworks */,
				5410B9DD2975C25100E2839E /* Resources */,
				54E91E41298979FC0021FC2C /* Embed Watch Content */,
			);
			buildRules = (
			);
			dependencies = (
				54E91E40298979FC0021FC2C /* PBXTargetDependency */,
			);
			name = Kode;
			packageProductDependencies = (
				540A9DD22977A68D005893D3 /* SwiftOTP */,
				54179DD629789EB400CBFC5E /* CodeScanner */,
			);
			productName = Kode;
			productReference = 5410B9DF2975C25100E2839E /* Kode.app */;
			productType = "com.apple.product-type.application";
		};
		547A329E298618F200B5DD69 /* KodeWatch Watch App */ = {
			isa = PBXNativeTarget;
			buildConfigurationList = 547A32AA298618F300B5DD69 /* Build configuration list for PBXNativeTarget "KodeWatch Watch App" */;
			buildPhases = (
				547A329B298618F200B5DD69 /* Sources */,
				547A329C298618F200B5DD69 /* Frameworks */,
				547A329D298618F200B5DD69 /* Resources */,
			);
			buildRules = (
			);
			dependencies = (
			);
			name = "KodeWatch Watch App";
			packageProductDependencies = (
				547A32B129861AC800B5DD69 /* SwiftOTP */,
			);
			productName = "KodeWatch Watch App";
			productReference = 547A329F298618F200B5DD69 /* KodeWatch Watch App.app */;
			productType = "com.apple.product-type.application";
		};
/* End PBXNativeTarget section */

/* Begin PBXProject section */
		5410B9D72975C25100E2839E /* Project object */ = {
			isa = PBXProject;
			attributes = {
				BuildIndependentTargetsInParallel = 1;
				LastSwiftUpdateCheck = 1420;
				LastUpgradeCheck = 1420;
				TargetAttributes = {
					5410B9DE2975C25100E2839E = {
						CreatedOnToolsVersion = 14.2;
					};
					547A329E298618F200B5DD69 = {
						CreatedOnToolsVersion = 14.2;
					};
				};
			};
			buildConfigurationList = 5410B9DA2975C25100E2839E /* Build configuration list for PBXProject "Kode" */;
			compatibilityVersion = "Xcode 14.0";
			developmentRegion = en;
			hasScannedForEncodings = 0;
			knownRegions = (
				en,
				Base,
			);
			mainGroup = 5410B9D62975C25100E2839E;
			packageReferences = (
				540A9DD12977A68D005893D3 /* XCRemoteSwiftPackageReference "SwiftOTP" */,
				54179DD529789EB400CBFC5E /* XCRemoteSwiftPackageReference "CodeScanner" */,
			);
			productRefGroup = 5410B9E02975C25100E2839E /* Products */;
			projectDirPath = "";
			projectRoot = "";
			targets = (
				5410B9DE2975C25100E2839E /* Kode */,
				547A329E298618F200B5DD69 /* KodeWatch Watch App */,
			);
		};
/* End PBXProject section */

/* Begin PBXResourcesBuildPhase section */
		5410B9DD2975C25100E2839E /* Resources */ = {
			isa = PBXResourcesBuildPhase;
			buildActionMask = 2147483647;
			files = (
				5410B9EB2975C25200E2839E /* Preview Assets.xcassets in Resources */,
				5410B9E72975C25200E2839E /* Assets.xcassets in Resources */,
			);
			runOnlyForDeploymentPostprocessing = 0;
		};
		547A329D298618F200B5DD69 /* Resources */ = {
			isa = PBXResourcesBuildPhase;
			buildActionMask = 2147483647;
			files = (
				547A32A9298618F300B5DD69 /* Preview Assets.xcassets in Resources */,
				547A32AD298619EE00B5DD69 /* Assets.xcassets in Resources */,
				547A32A6298618F300B5DD69 /* Assets.xcassets in Resources */,
			);
			runOnlyForDeploymentPostprocessing = 0;
		};
/* End PBXResourcesBuildPhase section */

/* Begin PBXSourcesBuildPhase section */
		5410B9DB2975C25100E2839E /* Sources */ = {
			isa = PBXSourcesBuildPhase;
			buildActionMask = 2147483647;
			files = (
				540BDAF2297B0B7400080596 /* ContentViewMac.swift in Sources */,
				540A9DD52977B716005893D3 /* Utils.swift in Sources */,
				54519FB4297AEC65009FA667 /* AcknowledgmentView.swift in Sources */,
				54522D972984EDEF00D46D0B /* SettingsViewMac.swift in Sources */,
				543E8E38297CAB7F00FF6E90 /* AccountEditRowView.swift in Sources */,
				5410B9E52975C25100E2839E /* ContentView.swift in Sources */,
				543E8E3A297CB08200FF6E90 /* AccountDetailView.swift in Sources */,
				5410B9E32975C25100E2839E /* KodeApp.swift in Sources */,
				54AB7D55297F6DD200B22D96 /* KeychainHelper.swift in Sources */,
				54FF619A2978721B000E5D5E /* SettingsView.swift in Sources */,
				54FF61A329787B6F000E5D5E /* AccountRowView.swift in Sources */,
				54671931298501CC0079F4D7 /* AccountRowViewMac.swift in Sources */,
				54E205432988C20C00A8E3B9 /* Connectivity.swift in Sources */,
				547A329A298600C300B5DD69 /* AccountDetailViewMac.swift in Sources */,
				540A9DCE29779FD3005893D3 /* Account.swift in Sources */,
				54FF619E29787522000E5D5E /* AccountAddView.swift in Sources */,
			);
			runOnlyForDeploymentPostprocessing = 0;
		};
		547A329B298618F200B5DD69 /* Sources */ = {
			isa = PBXSourcesBuildPhase;
			buildActionMask = 2147483647;
			files = (
				547A32B329861AE100B5DD69 /* Utils.swift in Sources */,
				547A32B429861AFF00B5DD69 /* KeychainHelper.swift in Sources */,
				547A32AE29861A0900B5DD69 /* KodeApp.swift in Sources */,
				54BAE02D298623DB00904D9F /* AccountDetailView.swift in Sources */,
				547A32AF29861A0C00B5DD69 /* Account.swift in Sources */,
				547A32A4298618F200B5DD69 /* ContentView.swift in Sources */,
				54E205442988C20F00A8E3B9 /* Connectivity.swift in Sources */,
			);
			runOnlyForDeploymentPostprocessing = 0;
		};
/* End PBXSourcesBuildPhase section */

/* Begin PBXTargetDependency section */
		54E91E40298979FC0021FC2C /* PBXTargetDependency */ = {
			isa = PBXTargetDependency;
			platformFilter = ios;
			target = 547A329E298618F200B5DD69 /* KodeWatch Watch App */;
			targetProxy = 54E91E3F298979FC0021FC2C /* PBXContainerItemProxy */;
		};
/* End PBXTargetDependency section */

/* Begin XCBuildConfiguration section */
		5410B9EC2975C25200E2839E /* Debug */ = {
			isa = XCBuildConfiguration;
			buildSettings = {
				ALWAYS_SEARCH_USER_PATHS = NO;
				CLANG_ANALYZER_NONNULL = YES;
				CLANG_ANALYZER_NUMBER_OBJECT_CONVERSION = YES_AGGRESSIVE;
				CLANG_CXX_LANGUAGE_STANDARD = "gnu++20";
				CLANG_ENABLE_MODULES = YES;
				CLANG_ENABLE_OBJC_ARC = YES;
				CLANG_ENABLE_OBJC_WEAK = YES;
				CLANG_WARN_BLOCK_CAPTURE_AUTORELEASING = YES;
				CLANG_WARN_BOOL_CONVERSION = YES;
				CLANG_WARN_COMMA = YES;
				CLANG_WARN_CONSTANT_CONVERSION = YES;
				CLANG_WARN_DEPRECATED_OBJC_IMPLEMENTATIONS = YES;
				CLANG_WARN_DIRECT_OBJC_ISA_USAGE = YES_ERROR;
				CLANG_WARN_DOCUMENTATION_COMMENTS = YES;
				CLANG_WARN_EMPTY_BODY = YES;
				CLANG_WARN_ENUM_CONVERSION = YES;
				CLANG_WARN_INFINITE_RECURSION = YES;
				CLANG_WARN_INT_CONVERSION = YES;
				CLANG_WARN_NON_LITERAL_NULL_CONVERSION = YES;
				CLANG_WARN_OBJC_IMPLICIT_RETAIN_SELF = YES;
				CLANG_WARN_OBJC_LITERAL_CONVERSION = YES;
				CLANG_WARN_OBJC_ROOT_CLASS = YES_ERROR;
				CLANG_WARN_QUOTED_INCLUDE_IN_FRAMEWORK_HEADER = YES;
				CLANG_WARN_RANGE_LOOP_ANALYSIS = YES;
				CLANG_WARN_STRICT_PROTOTYPES = YES;
				CLANG_WARN_SUSPICIOUS_MOVE = YES;
				CLANG_WARN_UNGUARDED_AVAILABILITY = YES_AGGRESSIVE;
				CLANG_WARN_UNREACHABLE_CODE = YES;
				CLANG_WARN__DUPLICATE_METHOD_MATCH = YES;
				COPY_PHASE_STRIP = NO;
				DEBUG_INFORMATION_FORMAT = dwarf;
				ENABLE_STRICT_OBJC_MSGSEND = YES;
				ENABLE_TESTABILITY = YES;
				GCC_C_LANGUAGE_STANDARD = gnu11;
				GCC_DYNAMIC_NO_PIC = NO;
				GCC_NO_COMMON_BLOCKS = YES;
				GCC_OPTIMIZATION_LEVEL = 0;
				GCC_PREPROCESSOR_DEFINITIONS = (
					"DEBUG=1",
					"$(inherited)",
				);
				GCC_WARN_64_TO_32_BIT_CONVERSION = YES;
				GCC_WARN_ABOUT_RETURN_TYPE = YES_ERROR;
				GCC_WARN_UNDECLARED_SELECTOR = YES;
				GCC_WARN_UNINITIALIZED_AUTOS = YES_AGGRESSIVE;
				GCC_WARN_UNUSED_FUNCTION = YES;
				GCC_WARN_UNUSED_VARIABLE = YES;
				MTL_ENABLE_DEBUG_INFO = INCLUDE_SOURCE;
				MTL_FAST_MATH = YES;
				ONLY_ACTIVE_ARCH = YES;
				SWIFT_ACTIVE_COMPILATION_CONDITIONS = DEBUG;
				SWIFT_OPTIMIZATION_LEVEL = "-Onone";
			};
			name = Debug;
		};
		5410B9ED2975C25200E2839E /* Release */ = {
			isa = XCBuildConfiguration;
			buildSettings = {
				ALWAYS_SEARCH_USER_PATHS = NO;
				CLANG_ANALYZER_NONNULL = YES;
				CLANG_ANALYZER_NUMBER_OBJECT_CONVERSION = YES_AGGRESSIVE;
				CLANG_CXX_LANGUAGE_STANDARD = "gnu++20";
				CLANG_ENABLE_MODULES = YES;
				CLANG_ENABLE_OBJC_ARC = YES;
				CLANG_ENABLE_OBJC_WEAK = YES;
				CLANG_WARN_BLOCK_CAPTURE_AUTORELEASING = YES;
				CLANG_WARN_BOOL_CONVERSION = YES;
				CLANG_WARN_COMMA = YES;
				CLANG_WARN_CONSTANT_CONVERSION = YES;
				CLANG_WARN_DEPRECATED_OBJC_IMPLEMENTATIONS = YES;
				CLANG_WARN_DIRECT_OBJC_ISA_USAGE = YES_ERROR;
				CLANG_WARN_DOCUMENTATION_COMMENTS = YES;
				CLANG_WARN_EMPTY_BODY = YES;
				CLANG_WARN_ENUM_CONVERSION = YES;
				CLANG_WARN_INFINITE_RECURSION = YES;
				CLANG_WARN_INT_CONVERSION = YES;
				CLANG_WARN_NON_LITERAL_NULL_CONVERSION = YES;
				CLANG_WARN_OBJC_IMPLICIT_RETAIN_SELF = YES;
				CLANG_WARN_OBJC_LITERAL_CONVERSION = YES;
				CLANG_WARN_OBJC_ROOT_CLASS = YES_ERROR;
				CLANG_WARN_QUOTED_INCLUDE_IN_FRAMEWORK_HEADER = YES;
				CLANG_WARN_RANGE_LOOP_ANALYSIS = YES;
				CLANG_WARN_STRICT_PROTOTYPES = YES;
				CLANG_WARN_SUSPICIOUS_MOVE = YES;
				CLANG_WARN_UNGUARDED_AVAILABILITY = YES_AGGRESSIVE;
				CLANG_WARN_UNREACHABLE_CODE = YES;
				CLANG_WARN__DUPLICATE_METHOD_MATCH = YES;
				COPY_PHASE_STRIP = NO;
				DEBUG_INFORMATION_FORMAT = "dwarf-with-dsym";
				ENABLE_NS_ASSERTIONS = NO;
				ENABLE_STRICT_OBJC_MSGSEND = YES;
				GCC_C_LANGUAGE_STANDARD = gnu11;
				GCC_NO_COMMON_BLOCKS = YES;
				GCC_WARN_64_TO_32_BIT_CONVERSION = YES;
				GCC_WARN_ABOUT_RETURN_TYPE = YES_ERROR;
				GCC_WARN_UNDECLARED_SELECTOR = YES;
				GCC_WARN_UNINITIALIZED_AUTOS = YES_AGGRESSIVE;
				GCC_WARN_UNUSED_FUNCTION = YES;
				GCC_WARN_UNUSED_VARIABLE = YES;
				MTL_ENABLE_DEBUG_INFO = NO;
				MTL_FAST_MATH = YES;
				SWIFT_COMPILATION_MODE = wholemodule;
				SWIFT_OPTIMIZATION_LEVEL = "-O";
			};
			name = Release;
		};
		5410B9EF2975C25200E2839E /* Debug */ = {
			isa = XCBuildConfiguration;
			buildSettings = {
				ASSETCATALOG_COMPILER_APPICON_NAME = AppIcon;
				ASSETCATALOG_COMPILER_GLOBAL_ACCENT_COLOR_NAME = AccentColor;
				CODE_SIGN_ENTITLEMENTS = Kode/Kode.entitlements;
				CODE_SIGN_STYLE = Automatic;
				CURRENT_PROJECT_VERSION = 1;
				DEVELOPMENT_ASSET_PATHS = "\"Kode/Preview Content\"";
				DEVELOPMENT_TEAM = LZZ6LYY2W8;
				ENABLE_HARDENED_RUNTIME = YES;
				ENABLE_PREVIEWS = YES;
				GENERATE_INFOPLIST_FILE = YES;
				INFOPLIST_FILE = Kode/Info.plist;
				INFOPLIST_KEY_CFBundleDisplayName = Kode;
				INFOPLIST_KEY_LSApplicationCategoryType = "public.app-category.utilities";
				INFOPLIST_KEY_NSCameraUsageDescription = "Camera access is required for scanning QR codes.";
				INFOPLIST_KEY_NSFaceIDUsageDescription = "FaceID access is required for biometric authentication.";
				"INFOPLIST_KEY_UIApplicationSceneManifest_Generation[sdk=iphoneos*]" = YES;
				"INFOPLIST_KEY_UIApplicationSceneManifest_Generation[sdk=iphonesimulator*]" = YES;
				"INFOPLIST_KEY_UIApplicationSupportsIndirectInputEvents[sdk=iphoneos*]" = YES;
				"INFOPLIST_KEY_UIApplicationSupportsIndirectInputEvents[sdk=iphonesimulator*]" = YES;
				"INFOPLIST_KEY_UILaunchScreen_Generation[sdk=iphoneos*]" = YES;
				"INFOPLIST_KEY_UILaunchScreen_Generation[sdk=iphonesimulator*]" = YES;
				"INFOPLIST_KEY_UIStatusBarStyle[sdk=iphoneos*]" = UIStatusBarStyleDefault;
				"INFOPLIST_KEY_UIStatusBarStyle[sdk=iphonesimulator*]" = UIStatusBarStyleDefault;
				INFOPLIST_KEY_UISupportedInterfaceOrientations = UIInterfaceOrientationPortrait;
				INFOPLIST_KEY_UISupportedInterfaceOrientations_iPad = "UIInterfaceOrientationLandscapeLeft UIInterfaceOrientationLandscapeRight UIInterfaceOrientationPortrait UIInterfaceOrientationPortraitUpsideDown";
				IPHONEOS_DEPLOYMENT_TARGET = 16.2;
				LD_RUNPATH_SEARCH_PATHS = "@executable_path/Frameworks";
				"LD_RUNPATH_SEARCH_PATHS[sdk=macosx*]" = "@executable_path/../Frameworks";
				MACOSX_DEPLOYMENT_TARGET = 13.1;
				MARKETING_VERSION = 1.0;
				PRODUCT_BUNDLE_IDENTIFIER = com.boranseckin.Kode;
				PRODUCT_NAME = "$(TARGET_NAME)";
				SDKROOT = auto;
				SUPPORTED_PLATFORMS = "iphoneos iphonesimulator macosx";
				SWIFT_EMIT_LOC_STRINGS = YES;
				SWIFT_VERSION = 5.0;
				TARGETED_DEVICE_FAMILY = "1,2";
			};
			name = Debug;
		};
		5410B9F02975C25200E2839E /* Release */ = {
			isa = XCBuildConfiguration;
			buildSettings = {
				ASSETCATALOG_COMPILER_APPICON_NAME = AppIcon;
				ASSETCATALOG_COMPILER_GLOBAL_ACCENT_COLOR_NAME = AccentColor;
				CODE_SIGN_ENTITLEMENTS = Kode/Kode.entitlements;
				CODE_SIGN_STYLE = Automatic;
				CURRENT_PROJECT_VERSION = 1;
				DEVELOPMENT_ASSET_PATHS = "\"Kode/Preview Content\"";
				DEVELOPMENT_TEAM = LZZ6LYY2W8;
				ENABLE_HARDENED_RUNTIME = YES;
				ENABLE_PREVIEWS = YES;
				GENERATE_INFOPLIST_FILE = YES;
				INFOPLIST_FILE = Kode/Info.plist;
				INFOPLIST_KEY_CFBundleDisplayName = Kode;
				INFOPLIST_KEY_LSApplicationCategoryType = "public.app-category.utilities";
				INFOPLIST_KEY_NSCameraUsageDescription = "Camera access is required for scanning QR codes.";
				INFOPLIST_KEY_NSFaceIDUsageDescription = "FaceID access is required for biometric authentication.";
				"INFOPLIST_KEY_UIApplicationSceneManifest_Generation[sdk=iphoneos*]" = YES;
				"INFOPLIST_KEY_UIApplicationSceneManifest_Generation[sdk=iphonesimulator*]" = YES;
				"INFOPLIST_KEY_UIApplicationSupportsIndirectInputEvents[sdk=iphoneos*]" = YES;
				"INFOPLIST_KEY_UIApplicationSupportsIndirectInputEvents[sdk=iphonesimulator*]" = YES;
				"INFOPLIST_KEY_UILaunchScreen_Generation[sdk=iphoneos*]" = YES;
				"INFOPLIST_KEY_UILaunchScreen_Generation[sdk=iphonesimulator*]" = YES;
				"INFOPLIST_KEY_UIStatusBarStyle[sdk=iphoneos*]" = UIStatusBarStyleDefault;
				"INFOPLIST_KEY_UIStatusBarStyle[sdk=iphonesimulator*]" = UIStatusBarStyleDefault;
				INFOPLIST_KEY_UISupportedInterfaceOrientations = UIInterfaceOrientationPortrait;
				INFOPLIST_KEY_UISupportedInterfaceOrientations_iPad = "UIInterfaceOrientationLandscapeLeft UIInterfaceOrientationLandscapeRight UIInterfaceOrientationPortrait UIInterfaceOrientationPortraitUpsideDown";
				IPHONEOS_DEPLOYMENT_TARGET = 16.2;
				LD_RUNPATH_SEARCH_PATHS = "@executable_path/Frameworks";
				"LD_RUNPATH_SEARCH_PATHS[sdk=macosx*]" = "@executable_path/../Frameworks";
				MACOSX_DEPLOYMENT_TARGET = 13.1;
				MARKETING_VERSION = 1.0;
				PRODUCT_BUNDLE_IDENTIFIER = com.boranseckin.Kode;
				PRODUCT_NAME = "$(TARGET_NAME)";
				SDKROOT = auto;
				SUPPORTED_PLATFORMS = "iphoneos iphonesimulator macosx";
				SWIFT_EMIT_LOC_STRINGS = YES;
				SWIFT_VERSION = 5.0;
				TARGETED_DEVICE_FAMILY = "1,2";
			};
			name = Release;
		};
		547A32AB298618F300B5DD69 /* Debug */ = {
			isa = XCBuildConfiguration;
			buildSettings = {
				ASSETCATALOG_COMPILER_APPICON_NAME = AppIcon;
				ASSETCATALOG_COMPILER_GLOBAL_ACCENT_COLOR_NAME = AccentColor;
				CODE_SIGN_ENTITLEMENTS = "KodeWatch Watch App/KodeWatch Watch App.entitlements";
				CODE_SIGN_STYLE = Automatic;
				CURRENT_PROJECT_VERSION = 1;
				DEVELOPMENT_ASSET_PATHS = "\"KodeWatch Watch App/Preview Content\"";
				DEVELOPMENT_TEAM = LZZ6LYY2W8;
				ENABLE_PREVIEWS = YES;
				GENERATE_INFOPLIST_FILE = YES;
				INFOPLIST_FILE = "KodeWatch-Watch-App-Info.plist";
				INFOPLIST_KEY_CFBundleDisplayName = KodeWatch;
				INFOPLIST_KEY_UISupportedInterfaceOrientations = "UIInterfaceOrientationPortrait UIInterfaceOrientationPortraitUpsideDown";
				INFOPLIST_KEY_WKCompanionAppBundleIdentifier = com.boranseckin.Kode;
				LD_RUNPATH_SEARCH_PATHS = (
					"$(inherited)",
					"@executable_path/Frameworks",
				);
				MARKETING_VERSION = 1.0;
				PRODUCT_BUNDLE_IDENTIFIER = com.boranseckin.Kode.watchkitapp;
				PRODUCT_NAME = "$(TARGET_NAME)";
				SDKROOT = watchos;
				SKIP_INSTALL = YES;
				SWIFT_EMIT_LOC_STRINGS = YES;
				SWIFT_VERSION = 5.0;
				TARGETED_DEVICE_FAMILY = 4;
				WATCHOS_DEPLOYMENT_TARGET = 9.1;
			};
			name = Debug;
		};
		547A32AC298618F300B5DD69 /* Release */ = {
			isa = XCBuildConfiguration;
			buildSettings = {
				ASSETCATALOG_COMPILER_APPICON_NAME = AppIcon;
				ASSETCATALOG_COMPILER_GLOBAL_ACCENT_COLOR_NAME = AccentColor;
				CODE_SIGN_ENTITLEMENTS = "KodeWatch Watch App/KodeWatch Watch App.entitlements";
				CODE_SIGN_STYLE = Automatic;
				CURRENT_PROJECT_VERSION = 1;
				DEVELOPMENT_ASSET_PATHS = "\"KodeWatch Watch App/Preview Content\"";
				DEVELOPMENT_TEAM = LZZ6LYY2W8;
				ENABLE_PREVIEWS = YES;
				GENERATE_INFOPLIST_FILE = YES;
				INFOPLIST_FILE = "KodeWatch-Watch-App-Info.plist";
				INFOPLIST_KEY_CFBundleDisplayName = KodeWatch;
				INFOPLIST_KEY_UISupportedInterfaceOrientations = "UIInterfaceOrientationPortrait UIInterfaceOrientationPortraitUpsideDown";
				INFOPLIST_KEY_WKCompanionAppBundleIdentifier = com.boranseckin.Kode;
				LD_RUNPATH_SEARCH_PATHS = (
					"$(inherited)",
					"@executable_path/Frameworks",
				);
				MARKETING_VERSION = 1.0;
				PRODUCT_BUNDLE_IDENTIFIER = com.boranseckin.Kode.watchkitapp;
				PRODUCT_NAME = "$(TARGET_NAME)";
				SDKROOT = watchos;
				SKIP_INSTALL = YES;
				SWIFT_EMIT_LOC_STRINGS = YES;
				SWIFT_VERSION = 5.0;
				TARGETED_DEVICE_FAMILY = 4;
				VALIDATE_PRODUCT = YES;
				WATCHOS_DEPLOYMENT_TARGET = 9.1;
			};
			name = Release;
		};
/* End XCBuildConfiguration section */

/* Begin XCConfigurationList section */
		5410B9DA2975C25100E2839E /* Build configuration list for PBXProject "Kode" */ = {
			isa = XCConfigurationList;
			buildConfigurations = (
				5410B9EC2975C25200E2839E /* Debug */,
				5410B9ED2975C25200E2839E /* Release */,
			);
			defaultConfigurationIsVisible = 0;
			defaultConfigurationName = Release;
		};
		5410B9EE2975C25200E2839E /* Build configuration list for PBXNativeTarget "Kode" */ = {
			isa = XCConfigurationList;
			buildConfigurations = (
				5410B9EF2975C25200E2839E /* Debug */,
				5410B9F02975C25200E2839E /* Release */,
			);
			defaultConfigurationIsVisible = 0;
			defaultConfigurationName = Release;
		};
		547A32AA298618F300B5DD69 /* Build configuration list for PBXNativeTarget "KodeWatch Watch App" */ = {
			isa = XCConfigurationList;
			buildConfigurations = (
				547A32AB298618F300B5DD69 /* Debug */,
				547A32AC298618F300B5DD69 /* Release */,
			);
			defaultConfigurationIsVisible = 0;
			defaultConfigurationName = Release;
		};
/* End XCConfigurationList section */

/* Begin XCRemoteSwiftPackageReference section */
		540A9DD12977A68D005893D3 /* XCRemoteSwiftPackageReference "SwiftOTP" */ = {
			isa = XCRemoteSwiftPackageReference;
			repositoryURL = "https://github.com/lachlanbell/SwiftOTP.git";
			requirement = {
				kind = upToNextMajorVersion;
				minimumVersion = 3.0.0;
			};
		};
		54179DD529789EB400CBFC5E /* XCRemoteSwiftPackageReference "CodeScanner" */ = {
			isa = XCRemoteSwiftPackageReference;
			repositoryURL = "https://github.com/twostraws/CodeScanner";
			requirement = {
				kind = upToNextMajorVersion;
				minimumVersion = 2.0.0;
			};
		};
/* End XCRemoteSwiftPackageReference section */

/* Begin XCSwiftPackageProductDependency section */
		540A9DD22977A68D005893D3 /* SwiftOTP */ = {
			isa = XCSwiftPackageProductDependency;
			package = 540A9DD12977A68D005893D3 /* XCRemoteSwiftPackageReference "SwiftOTP" */;
			productName = SwiftOTP;
		};
		54179DD629789EB400CBFC5E /* CodeScanner */ = {
			isa = XCSwiftPackageProductDependency;
			package = 54179DD529789EB400CBFC5E /* XCRemoteSwiftPackageReference "CodeScanner" */;
			productName = CodeScanner;
		};
		547A32B129861AC800B5DD69 /* SwiftOTP */ = {
			isa = XCSwiftPackageProductDependency;
			package = 540A9DD12977A68D005893D3 /* XCRemoteSwiftPackageReference "SwiftOTP" */;
			productName = SwiftOTP;
		};
/* End XCSwiftPackageProductDependency section */
	};
	rootObject = 5410B9D72975C25100E2839E /* Project object */;
}
